
Microsoft Visual Studio Solution File, Format Version 12.00
# Visual Studio Version 17
VisualStudioVersion = 17.0.31717.71
MinimumVisualStudioVersion = 10.0.40219.1
Project("{FAE04EC0-301F-11D3-BF4B-00C04F79EFBC}") = "AspNetCore.SecurityHeader", "AspNetCore.SecurityHeader.csproj", "{605AE32D-3CCB-442E-8834-1C9C2FC832E4}"
EndProject
Global
	GlobalSection(SolutionConfigurationPlatforms) = preSolution
		Debug|Any CPU = Debug|Any CPU
		Release|Any CPU = Release|Any CPU
	EndGlobalSection
	GlobalSection(ProjectConfigurationPlatforms) = postSolution
		{605AE32D-3CCB-442E-8834-1C9C2FC832E4}.Debug|Any CPU.ActiveCfg = Debug|Any CPU
		{605AE32D-3CCB-442E-8834-1C9C2FC832E4}.Debug|Any CPU.Build.0 = Debug|Any CPU
		{605AE32D-3CCB-442E-8834-1C9C2FC832E4}.Release|Any CPU.ActiveCfg = Release|Any CPU
		{605AE32D-3CCB-442E-8834-1C9C2FC832E4}.Release|Any CPU.Build.0 = Release|Any CPU
	EndGlobalSection
	GlobalSection(SolutionProperties) = preSolution
		HideSolutionNode = FALSE
	EndGlobalSection
	GlobalSection(ExtensibilityGlobals) = postSolution
		SolutionGuid = {01B15A9B-A2F5-46D8-96E3-F993DF79570E}
	EndGlobalSection
EndGlobal
